
Microsoft Visual Studio Solution File, Format Version 12.00
# Visual Studio Version 16
VisualStudioVersion = 16.0.33130.400
MinimumVisualStudioVersion = 10.0.40219.1
Project("{FAE04EC0-301F-11D3-BF4B-00C04F79EFBC}") = "MyEgitimAkademi_Portfolio", "MyEgitimAkademi_Portfolio\MyEgitimAkademi_Portfolio.csproj", "{2B7E3DE3-689A-4195-A985-E2C03E26A54F}"
EndProject
Global
	GlobalSection(SolutionConfigurationPlatforms) = preSolution
		Debug|Any CPU = Debug|Any CPU
		Release|Any CPU = Release|Any CPU
	EndGlobalSection
	GlobalSection(ProjectConfigurationPlatforms) = postSolution
		{2B7E3DE3-689A-4195-A985-E2C03E26A54F}.Debug|Any CPU.ActiveCfg = Debug|Any CPU
		{2B7E3DE3-689A-4195-A985-E2C03E26A54F}.Debug|Any CPU.Build.0 = Debug|Any CPU
		{2B7E3DE3-689A-4195-A985-E2C03E26A54F}.Release|Any CPU.ActiveCfg = Release|Any CPU
		{2B7E3DE3-689A-4195-A985-E2C03E26A54F}.Release|Any CPU.Build.0 = Release|Any CPU
	EndGlobalSection
	GlobalSection(SolutionProperties) = preSolution
		HideSolutionNode = FALSE
	EndGlobalSection
	GlobalSection(ExtensibilityGlobals) = postSolution
		SolutionGuid = {7DECDDF3-D56C-4036-A617-B9061BECEA82}
	EndGlobalSection
EndGlobal
